
Microsoft Visual Studio Solution File, Format Version 12.00
# Visual Studio Version 16
VisualStudioVersion = 16.0.32602.291
MinimumVisualStudioVersion = 10.0.40219.1
Project("{FAE04EC0-301F-11D3-BF4B-00C04F79EFBC}") = "SQLiteApp", "SQLiteApp.csproj", "{169B88BD-1FAA-4D8F-A548-9D6690447B3E}"
EndProject
Global
	GlobalSection(SolutionConfigurationPlatforms) = preSolution
		Debug|Any CPU = Debug|Any CPU
		Release|Any CPU = Release|Any CPU
	EndGlobalSection
	GlobalSection(ProjectConfigurationPlatforms) = postSolution
		{169B88BD-1FAA-4D8F-A548-9D6690447B3E}.Debug|Any CPU.ActiveCfg = Debug|Any CPU
		{169B88BD-1FAA-4D8F-A548-9D6690447B3E}.Debug|Any CPU.Build.0 = Debug|Any CPU
		{169B88BD-1FAA-4D8F-A548-9D6690447B3E}.Release|Any CPU.ActiveCfg = Release|Any CPU
		{169B88BD-1FAA-4D8F-A548-9D6690447B3E}.Release|Any CPU.Build.0 = Release|Any CPU
	EndGlobalSection
	GlobalSection(SolutionProperties) = preSolution
		HideSolutionNode = FALSE
	EndGlobalSection
	GlobalSection(ExtensibilityGlobals) = postSolution
		SolutionGuid = {B4951F9B-8D4C-4277-9190-1E71DD92C399}
	EndGlobalSection
EndGlobal
